// !$*UTF8*$!
{
	archiveVersion = 1;
	classes = {
	};
	objectVersion = 46;
	objects = {

/* Begin PBXBuildFile section */
		661A23B91A94AC6900A93226 /* IndexBufferObject.cpp in Sources */ = {isa = PBXBuildFile; fileRef = 661A23B81A94AC6900A93226 /* IndexBufferObject.cpp */; };
		661A23BB1A94AC7A00A93226 /* IndexBufferObject.h in Headers */ = {isa = PBXBuildFile; fileRef = 661A23BA1A94AC7A00A93226 /* IndexBufferObject.h */; };
		661A23BC1A94B1F500A93226 /* IndexBufferObject.h in CopyFiles */ = {isa = PBXBuildFile; fileRef = 661A23BA1A94AC7A00A93226 /* IndexBufferObject.h */; };
		668C659B1A8E21B900ADB924 /* Exception.h in Headers */ = {isa = PBXBuildFile; fileRef = 668C658E1A8E21B900ADB924 /* Exception.h */; };
		668C659C1A8E21B900ADB924 /* Shader.h in Headers */ = {isa = PBXBuildFile; fileRef = 668C658F1A8E21B900ADB924 /* Shader.h */; };
		668C659D1A8E21B900ADB924 /* ShaderProgram.h in Headers */ = {isa = PBXBuildFile; fileRef = 668C65901A8E21B900ADB924 /* ShaderProgram.h */; };
		668C659F1A8E21B900ADB924 /* Texture.h in Headers */ = {isa = PBXBuildFile; fileRef = 668C65921A8E21B900ADB924 /* Texture.h */; };
		668C65A01A8E21B900ADB924 /* VertexAttribute.h in Headers */ = {isa = PBXBuildFile; fileRef = 668C65931A8E21B900ADB924 /* VertexAttribute.h */; };
		668C65A11A8E21B900ADB924 /* VertexBufferObject.h in Headers */ = {isa = PBXBuildFile; fileRef = 668C65941A8E21B900ADB924 /* VertexBufferObject.h */; };
		668C65A21A8E21B900ADB924 /* Shader.cpp in Sources */ = {isa = PBXBuildFile; fileRef = 668C65971A8E21B900ADB924 /* Shader.cpp */; };
		668C65A31A8E21B900ADB924 /* ShaderProgram.cpp in Sources */ = {isa = PBXBuildFile; fileRef = 668C65981A8E21B900ADB924 /* ShaderProgram.cpp */; };
		668C65A41A8E21B900ADB924 /* Texture.cpp in Sources */ = {isa = PBXBuildFile; fileRef = 668C65991A8E21B900ADB924 /* Texture.cpp */; };
		668C65A51A8E21B900ADB924 /* VertexBufferObject.cpp in Sources */ = {isa = PBXBuildFile; fileRef = 668C659A1A8E21B900ADB924 /* VertexBufferObject.cpp */; };
		668C65DB1A8E276C00ADB924 /* Exception.h in CopyFiles */ = {isa = PBXBuildFile; fileRef = 668C658E1A8E21B900ADB924 /* Exception.h */; };
		668C65DC1A8E276D00ADB924 /* Shader.h in CopyFiles */ = {isa = PBXBuildFile; fileRef = 668C658F1A8E21B900ADB924 /* Shader.h */; };
		668C65DD1A8E276F00ADB924 /* ShaderProgram.h in CopyFiles */ = {isa = PBXBuildFile; fileRef = 668C65901A8E21B900ADB924 /* ShaderProgram.h */; };
		668C65DE1A8E277100ADB924 /* Texture.h in CopyFiles */ = {isa = PBXBuildFile; fileRef = 668C65921A8E21B900ADB924 /* Texture.h */; };
		668C65DF1A8E277300ADB924 /* VertexAttribute.h in CopyFiles */ = {isa = PBXBuildFile; fileRef = 668C65931A8E21B900ADB924 /* VertexAttribute.h */; };
		668C65E01A8E277400ADB924 /* VertexBufferObject.h in CopyFiles */ = {isa = PBXBuildFile; fileRef = 668C65941A8E21B900ADB924 /* VertexBufferObject.h */; };
		66D1BC521A935596005182AE /* GL.h in Headers */ = {isa = PBXBuildFile; fileRef = 66D1BC511A935576005182AE /* GL.h */; };
		66D1BC531A93559B005182AE /* GL.h in CopyFiles */ = {isa = PBXBuildFile; fileRef = 66D1BC511A935576005182AE /* GL.h */; };
/* End PBXBuildFile section */

/* Begin PBXCopyFilesBuildPhase section */
		668C65DA1A8E272600ADB924 /* CopyFiles */ = {
			isa = PBXCopyFilesBuildPhase;
			buildActionMask = 2147483647;
			dstPath = "include/${PRODUCT_NAME}";
			dstSubfolderSpec = 16;
			files = (
				668C65DB1A8E276C00ADB924 /* Exception.h in CopyFiles */,
				668C65DC1A8E276D00ADB924 /* Shader.h in CopyFiles */,
				668C65E01A8E277400ADB924 /* VertexBufferObject.h in CopyFiles */,
				668C65DF1A8E277300ADB924 /* VertexAttribute.h in CopyFiles */,
				661A23BC1A94B1F500A93226 /* IndexBufferObject.h in CopyFiles */,
				668C65DE1A8E277100ADB924 /* Texture.h in CopyFiles */,
				668C65DD1A8E276F00ADB924 /* ShaderProgram.h in CopyFiles */,
				66D1BC531A93559B005182AE /* GL.h in CopyFiles */,
			);
			runOnlyForDeploymentPostprocessing = 0;
		};
/* End PBXCopyFilesBuildPhase section */

/* Begin PBXFileReference section */
		661A23B81A94AC6900A93226 /* IndexBufferObject.cpp */ = {isa = PBXFileReference; fileEncoding = 4; lastKnownFileType = sourcecode.cpp.cpp; path = IndexBufferObject.cpp; sourceTree = "<group>"; };
		661A23BA1A94AC7A00A93226 /* IndexBufferObject.h */ = {isa = PBXFileReference; fileEncoding = 4; lastKnownFileType = sourcecode.c.h; path = IndexBufferObject.h; sourceTree = "<group>"; };
		668C65831A8E214100ADB924 /* libBarelyGL.a */ = {isa = PBXFileReference; explicitFileType = archive.ar; includeInIndex = 0; path = libBarelyGL.a; sourceTree = BUILT_PRODUCTS_DIR; };
		668C658E1A8E21B900ADB924 /* Exception.h */ = {isa = PBXFileReference; fileEncoding = 4; lastKnownFileType = sourcecode.c.h; path = Exception.h; sourceTree = "<group>"; };
		668C658F1A8E21B900ADB924 /* Shader.h */ = {isa = PBXFileReference; fileEncoding = 4; lastKnownFileType = sourcecode.c.h; path = Shader.h; sourceTree = "<group>"; };
		668C65901A8E21B900ADB924 /* ShaderProgram.h */ = {isa = PBXFileReference; fileEncoding = 4; lastKnownFileType = sourcecode.c.h; path = ShaderProgram.h; sourceTree = "<group>"; };
		668C65921A8E21B900ADB924 /* Texture.h */ = {isa = PBXFileReference; fileEncoding = 4; lastKnownFileType = sourcecode.c.h; path = Texture.h; sourceTree = "<group>"; };
		668C65931A8E21B900ADB924 /* VertexAttribute.h */ = {isa = PBXFileReference; fileEncoding = 4; lastKnownFileType = sourcecode.c.h; path = VertexAttribute.h; sourceTree = "<group>"; };
		668C65941A8E21B900ADB924 /* VertexBufferObject.h */ = {isa = PBXFileReference; fileEncoding = 4; lastKnownFileType = sourcecode.c.h; path = VertexBufferObject.h; sourceTree = "<group>"; };
		668C65971A8E21B900ADB924 /* Shader.cpp */ = {isa = PBXFileReference; fileEncoding = 4; lastKnownFileType = sourcecode.cpp.cpp; path = Shader.cpp; sourceTree = "<group>"; };
		668C65981A8E21B900ADB924 /* ShaderProgram.cpp */ = {isa = PBXFileReference; fileEncoding = 4; lastKnownFileType = sourcecode.cpp.cpp; path = ShaderProgram.cpp; sourceTree = "<group>"; };
		668C65991A8E21B900ADB924 /* Texture.cpp */ = {isa = PBXFileReference; fileEncoding = 4; lastKnownFileType = sourcecode.cpp.cpp; path = Texture.cpp; sourceTree = "<group>"; };
		668C659A1A8E21B900ADB924 /* VertexBufferObject.cpp */ = {isa = PBXFileReference; fileEncoding = 4; lastKnownFileType = sourcecode.cpp.cpp; path = VertexBufferObject.cpp; sourceTree = "<group>"; };
		66D1BC511A935576005182AE /* GL.h */ = {isa = PBXFileReference; lastKnownFileType = sourcecode.c.h; path = GL.h; sourceTree = "<group>"; };
/* End PBXFileReference section */

/* Begin PBXFrameworksBuildPhase section */
		668C65801A8E214100ADB924 /* Frameworks */ = {
			isa = PBXFrameworksBuildPhase;
			buildActionMask = 2147483647;
			files = (
			);
			runOnlyForDeploymentPostprocessing = 0;
		};
/* End PBXFrameworksBuildPhase section */

/* Begin PBXGroup section */
		668C657A1A8E214100ADB924 = {
			isa = PBXGroup;
			children = (
				668C658D1A8E21B900ADB924 /* include */,
				668C65951A8E21B900ADB924 /* src */,
				668C65841A8E214100ADB924 /* Products */,
			);
			sourceTree = "<group>";
		};
		668C65841A8E214100ADB924 /* Products */ = {
			isa = PBXGroup;
			children = (
				668C65831A8E214100ADB924 /* libBarelyGL.a */,
			);
			name = Products;
			sourceTree = "<group>";
		};
		668C658D1A8E21B900ADB924 /* include */ = {
			isa = PBXGroup;
			children = (
				661A23BA1A94AC7A00A93226 /* IndexBufferObject.h */,
				66D1BC511A935576005182AE /* GL.h */,
				668C658E1A8E21B900ADB924 /* Exception.h */,
				668C658F1A8E21B900ADB924 /* Shader.h */,
				668C65901A8E21B900ADB924 /* ShaderProgram.h */,
				668C65921A8E21B900ADB924 /* Texture.h */,
				668C65931A8E21B900ADB924 /* VertexAttribute.h */,
				668C65941A8E21B900ADB924 /* VertexBufferObject.h */,
			);
			path = include;
			sourceTree = "<group>";
		};
		668C65951A8E21B900ADB924 /* src */ = {
			isa = PBXGroup;
			children = (
				661A23B81A94AC6900A93226 /* IndexBufferObject.cpp */,
				668C65971A8E21B900ADB924 /* Shader.cpp */,
				668C65981A8E21B900ADB924 /* ShaderProgram.cpp */,
				668C65991A8E21B900ADB924 /* Texture.cpp */,
				668C659A1A8E21B900ADB924 /* VertexBufferObject.cpp */,
			);
			path = src;
			sourceTree = "<group>";
		};
/* End PBXGroup section */

/* Begin PBXHeadersBuildPhase section */
		668C65811A8E214100ADB924 /* Headers */ = {
			isa = PBXHeadersBuildPhase;
			buildActionMask = 2147483647;
			files = (
				668C659B1A8E21B900ADB924 /* Exception.h in Headers */,
				668C65A11A8E21B900ADB924 /* VertexBufferObject.h in Headers */,
				661A23BB1A94AC7A00A93226 /* IndexBufferObject.h in Headers */,
				668C659C1A8E21B900ADB924 /* Shader.h in Headers */,
				668C65A01A8E21B900ADB924 /* VertexAttribute.h in Headers */,
				668C659F1A8E21B900ADB924 /* Texture.h in Headers */,
				668C659D1A8E21B900ADB924 /* ShaderProgram.h in Headers */,
				66D1BC521A935596005182AE /* GL.h in Headers */,
			);
			runOnlyForDeploymentPostprocessing = 0;
		};
/* End PBXHeadersBuildPhase section */

/* Begin PBXNativeTarget section */
		668C65821A8E214100ADB924 /* BarelyGL */ = {
			isa = PBXNativeTarget;
			buildConfigurationList = 668C65871A8E214100ADB924 /* Build configuration list for PBXNativeTarget "BarelyGL" */;
			buildPhases = (
				668C657F1A8E214100ADB924 /* Sources */,
				668C65801A8E214100ADB924 /* Frameworks */,
				668C65811A8E214100ADB924 /* Headers */,
				668C65DA1A8E272600ADB924 /* CopyFiles */,
			);
			buildRules = (
			);
			dependencies = (
			);
			name = BarelyGL;
			productName = GL;
			productReference = 668C65831A8E214100ADB924 /* libBarelyGL.a */;
			productType = "com.apple.product-type.library.static";
		};
/* End PBXNativeTarget section */

/* Begin PBXProject section */
		668C657B1A8E214100ADB924 /* Project object */ = {
			isa = PBXProject;
			attributes = {
				LastUpgradeCheck = 0610;
				ORGANIZATIONNAME = "Adam Ransom";
				TargetAttributes = {
					668C65821A8E214100ADB924 = {
						CreatedOnToolsVersion = 6.1.1;
					};
				};
			};
			buildConfigurationList = 668C657E1A8E214100ADB924 /* Build configuration list for PBXProject "BarelyGL" */;
			compatibilityVersion = "Xcode 3.2";
			developmentRegion = English;
			hasScannedForEncodings = 0;
			knownRegions = (
				en,
			);
			mainGroup = 668C657A1A8E214100ADB924;
			productRefGroup = 668C65841A8E214100ADB924 /* Products */;
			projectDirPath = "";
			projectRoot = "";
			targets = (
				668C65821A8E214100ADB924 /* BarelyGL */,
			);
		};
/* End PBXProject section */

/* Begin PBXSourcesBuildPhase section */
		668C657F1A8E214100ADB924 /* Sources */ = {
			isa = PBXSourcesBuildPhase;
			buildActionMask = 2147483647;
			files = (
				668C65A41A8E21B900ADB924 /* Texture.cpp in Sources */,
				668C65A21A8E21B900ADB924 /* Shader.cpp in Sources */,
				661A23B91A94AC6900A93226 /* IndexBufferObject.cpp in Sources */,
				668C65A51A8E21B900ADB924 /* VertexBufferObject.cpp in Sources */,
				668C65A31A8E21B900ADB924 /* ShaderProgram.cpp in Sources */,
			);
			runOnlyForDeploymentPostprocessing = 0;
		};
/* End PBXSourcesBuildPhase section */

/* Begin XCBuildConfiguration section */
		668C65851A8E214100ADB924 /* Debug */ = {
			isa = XCBuildConfiguration;
			buildSettings = {
				ALWAYS_SEARCH_USER_PATHS = NO;
				CLANG_CXX_LANGUAGE_STANDARD = "gnu++0x";
				CLANG_CXX_LIBRARY = "libc++";
				CLANG_ENABLE_MODULES = YES;
				CLANG_ENABLE_OBJC_ARC = YES;
				CLANG_WARN_BOOL_CONVERSION = YES;
				CLANG_WARN_CONSTANT_CONVERSION = YES;
				CLANG_WARN_DIRECT_OBJC_ISA_USAGE = YES_ERROR;
				CLANG_WARN_EMPTY_BODY = YES;
				CLANG_WARN_ENUM_CONVERSION = YES;
				CLANG_WARN_INT_CONVERSION = YES;
				CLANG_WARN_OBJC_ROOT_CLASS = YES_ERROR;
				CLANG_WARN_UNREACHABLE_CODE = YES;
				CLANG_WARN__DUPLICATE_METHOD_MATCH = YES;
				COPY_PHASE_STRIP = NO;
				ENABLE_STRICT_OBJC_MSGSEND = YES;
				GCC_C_LANGUAGE_STANDARD = gnu99;
				GCC_DYNAMIC_NO_PIC = NO;
				GCC_OPTIMIZATION_LEVEL = 0;
				GCC_PREPROCESSOR_DEFINITIONS = (
					"DEBUG=1",
					"$(inherited)",
				);
				GCC_SYMBOLS_PRIVATE_EXTERN = NO;
				GCC_WARN_64_TO_32_BIT_CONVERSION = YES;
				GCC_WARN_ABOUT_RETURN_TYPE = YES_ERROR;
				GCC_WARN_UNDECLARED_SELECTOR = YES;
				GCC_WARN_UNINITIALIZED_AUTOS = YES_AGGRESSIVE;
				GCC_WARN_UNUSED_FUNCTION = YES;
				GCC_WARN_UNUSED_VARIABLE = YES;
				MACOSX_DEPLOYMENT_TARGET = 10.10;
				MTL_ENABLE_DEBUG_INFO = YES;
				ONLY_ACTIVE_ARCH = YES;
				SDKROOT = macosx;
			};
			name = Debug;
		};
		668C65861A8E214100ADB924 /* Release */ = {
			isa = XCBuildConfiguration;
			buildSettings = {
				ALWAYS_SEARCH_USER_PATHS = NO;
				CLANG_CXX_LANGUAGE_STANDARD = "gnu++0x";
				CLANG_CXX_LIBRARY = "libc++";
				CLANG_ENABLE_MODULES = YES;
				CLANG_ENABLE_OBJC_ARC = YES;
				CLANG_WARN_BOOL_CONVERSION = YES;
				CLANG_WARN_CONSTANT_CONVERSION = YES;
				CLANG_WARN_DIRECT_OBJC_ISA_USAGE = YES_ERROR;
				CLANG_WARN_EMPTY_BODY = YES;
				CLANG_WARN_ENUM_CONVERSION = YES;
				CLANG_WARN_INT_CONVERSION = YES;
				CLANG_WARN_OBJC_ROOT_CLASS = YES_ERROR;
				CLANG_WARN_UNREACHABLE_CODE = YES;
				CLANG_WARN__DUPLICATE_METHOD_MATCH = YES;
				COPY_PHASE_STRIP = YES;
				DEBUG_INFORMATION_FORMAT = "dwarf-with-dsym";
				ENABLE_NS_ASSERTIONS = NO;
				ENABLE_STRICT_OBJC_MSGSEND = YES;
				GCC_C_LANGUAGE_STANDARD = gnu99;
				GCC_WARN_64_TO_32_BIT_CONVERSION = YES;
				GCC_WARN_ABOUT_RETURN_TYPE = YES_ERROR;
				GCC_WARN_UNDECLARED_SELECTOR = YES;
				GCC_WARN_UNINITIALIZED_AUTOS = YES_AGGRESSIVE;
				GCC_WARN_UNUSED_FUNCTION = YES;
				GCC_WARN_UNUSED_VARIABLE = YES;
				MACOSX_DEPLOYMENT_TARGET = 10.10;
				MTL_ENABLE_DEBUG_INFO = NO;
				SDKROOT = macosx;
			};
			name = Release;
		};
		668C65881A8E214100ADB924 /* Debug */ = {
			isa = XCBuildConfiguration;
			buildSettings = {
				CLANG_CXX_LANGUAGE_STANDARD = "c++0x";
				EXECUTABLE_PREFIX = lib;
				HEADER_SEARCH_PATHS = (
					"$(inherited)",
					/Applications/Xcode.app/Contents/Developer/Toolchains/XcodeDefault.xctoolchain/usr/include,
					"/usr/local/include/**",
				);
				PRODUCT_NAME = "$(TARGET_NAME)";
				USER_HEADER_SEARCH_PATHS = include;
				WARNING_CFLAGS = (
					"-Wextra",
					"-Wall",
				);
			};
			name = Debug;
		};
		668C65891A8E214100ADB924 /* Release */ = {
			isa = XCBuildConfiguration;
			buildSettings = {
				CLANG_CXX_LANGUAGE_STANDARD = "c++0x";
				EXECUTABLE_PREFIX = lib;
				HEADER_SEARCH_PATHS = (
					"$(inherited)",
					/Applications/Xcode.app/Contents/Developer/Toolchains/XcodeDefault.xctoolchain/usr/include,
					"/usr/local/include/**",
				);
				PRODUCT_NAME = "$(TARGET_NAME)";
				USER_HEADER_SEARCH_PATHS = include;
				WARNING_CFLAGS = (
					"-Wextra",
					"-Wall",
				);
			};
			name = Release;
		};
/* End XCBuildConfiguration section */

/* Begin XCConfigurationList section */
		668C657E1A8E214100ADB924 /* Build configuration list for PBXProject "BarelyGL" */ = {
			isa = XCConfigurationList;
			buildConfigurations = (
				668C65851A8E214100ADB924 /* Debug */,
				668C65861A8E214100ADB924 /* Release */,
			);
			defaultConfigurationIsVisible = 0;
			defaultConfigurationName = Release;
		};
		668C65871A8E214100ADB924 /* Build configuration list for PBXNativeTarget "BarelyGL" */ = {
			isa = XCConfigurationList;
			buildConfigurations = (
				668C65881A8E214100ADB924 /* Debug */,
				668C65891A8E214100ADB924 /* Release */,
			);
			defaultConfigurationIsVisible = 0;
			defaultConfigurationName = Release;
		};
/* End XCConfigurationList section */
	};
	rootObject = 668C657B1A8E214100ADB924 /* Project object */;
}
